
Microsoft Visual Studio Solution File, Format Version 12.00
# Visual Studio Version 17
VisualStudioVersion = 17.13.35806.99
MinimumVisualStudioVersion = 10.0.40219.1
Project("{FAE04EC0-301F-11D3-BF4B-00C04F79EFBC}") = "1067", "Exercios\1067.csproj", "{25831275-0834-4C67-BA9A-374BA87B2198}"
EndProject
Project("{FAE04EC0-301F-11D3-BF4B-00C04F79EFBC}") = "1071", "1071\1071.csproj", "{6C2EB623-A2B4-4632-885E-CE0FEF23F26E}"
EndProject
Project("{FAE04EC0-301F-11D3-BF4B-00C04F79EFBC}") = "1072", "1072\1072.csproj", "{4800488A-0E96-4593-A586-2869C14BC84A}"
EndProject
Project("{FAE04EC0-301F-11D3-BF4B-00C04F79EFBC}") = "1073", "1073\1073.csproj", "{C398CFC3-066A-4123-8A1B-357009FF1CA9}"
EndProject
Project("{FAE04EC0-301F-11D3-BF4B-00C04F79EFBC}") = "1074", "1074\1074.csproj", "{3B1CD11F-A212-46E5-B2DB-22E1AD9A9FBD}"
EndProject
Project("{FAE04EC0-301F-11D3-BF4B-00C04F79EFBC}") = "1075", "1075\1075.csproj", "{BFEF2027-4D09-4818-A926-86DFE8D211CF}"
EndProject
Project("{FAE04EC0-301F-11D3-BF4B-00C04F79EFBC}") = "1079", "1079\1079.csproj", "{BE26D1AE-DEB7-43E8-A793-CB9E8FA0F3DA}"
EndProject
Project("{FAE04EC0-301F-11D3-BF4B-00C04F79EFBC}") = "1080", "1080\1080.csproj", "{9A9849F3-3EB7-420C-A43B-47A26F1B7917}"
EndProject
Project("{FAE04EC0-301F-11D3-BF4B-00C04F79EFBC}") = "1094", "1094\1094.csproj", "{8C585B43-1341-4630-B9F5-9359DFBE3259}"
EndProject
Project("{FAE04EC0-301F-11D3-BF4B-00C04F79EFBC}") = "1096", "1096\1096.csproj", "{52B67341-DFAB-45DD-BB42-66088B3697C4}"
EndProject
Project("{FAE04EC0-301F-11D3-BF4B-00C04F79EFBC}") = "1097", "1097\1097.csproj", "{76CF1E56-29B3-41AC-8F3B-4CB31EF0016E}"
EndProject
Project("{FAE04EC0-301F-11D3-BF4B-00C04F79EFBC}") = "1116", "1116\1116.csproj", "{7DAFD61E-5B57-4ADB-9B14-0D80AA2CCFAB}"
EndProject
Project("{FAE04EC0-301F-11D3-BF4B-00C04F79EFBC}") = "1132", "1132\1132.csproj", "{E99974CD-6D76-4C6B-8F0E-99E8EA6303DF}"
EndProject
Project("{FAE04EC0-301F-11D3-BF4B-00C04F79EFBC}") = "1133", "1133\1133.csproj", "{F56C6666-3ECC-4733-B3D8-790248D753A4}"
EndProject
Project("{FAE04EC0-301F-11D3-BF4B-00C04F79EFBC}") = "1142", "1142\1142.csproj", "{E0E0C0B0-020A-4413-A113-3160217B70E5}"
EndProject
Project("{FAE04EC0-301F-11D3-BF4B-00C04F79EFBC}") = "1143", "1143\1143.csproj", "{5985D41C-9443-4541-A57B-CA13010A7CE9}"
EndProject
Project("{FAE04EC0-301F-11D3-BF4B-00C04F79EFBC}") = "1144", "1144\1144.csproj", "{85E7F835-4DBD-4D22-80C0-EDEFF807B28C}"
EndProject
Project("{FAE04EC0-301F-11D3-BF4B-00C04F79EFBC}") = "1151", "1151\1151.csproj", "{81E58EBB-040F-4129-93F1-FC4C31A0F5E2}"
EndProject
Project("{FAE04EC0-301F-11D3-BF4B-00C04F79EFBC}") = "1153", "1153\1153.csproj", "{4CB9829A-C38B-436B-9CE6-858004B3C6F4}"
EndProject
Project("{FAE04EC0-301F-11D3-BF4B-00C04F79EFBC}") = "1155", "1155\1155.csproj", "{72E17695-4CED-4248-9805-D41A73FF6986}"
EndProject
Project("{FAE04EC0-301F-11D3-BF4B-00C04F79EFBC}") = "1156", "1156\1156.csproj", "{C7C999AD-32BB-47EC-9F38-16B4E445A865}"
EndProject
Project("{FAE04EC0-301F-11D3-BF4B-00C04F79EFBC}") = "1157", "1157\1157.csproj", "{41F265F1-DA42-4920-A687-F89EE4DF796E}"
EndProject
Global
	GlobalSection(SolutionConfigurationPlatforms) = preSolution
		Debug|Any CPU = Debug|Any CPU
		Release|Any CPU = Release|Any CPU
	EndGlobalSection
	GlobalSection(ProjectConfigurationPlatforms) = postSolution
		{25831275-0834-4C67-BA9A-374BA87B2198}.Debug|Any CPU.ActiveCfg = Debug|Any CPU
		{25831275-0834-4C67-BA9A-374BA87B2198}.Debug|Any CPU.Build.0 = Debug|Any CPU
		{25831275-0834-4C67-BA9A-374BA87B2198}.Release|Any CPU.ActiveCfg = Release|Any CPU
		{25831275-0834-4C67-BA9A-374BA87B2198}.Release|Any CPU.Build.0 = Release|Any CPU
		{6C2EB623-A2B4-4632-885E-CE0FEF23F26E}.Debug|Any CPU.ActiveCfg = Debug|Any CPU
		{6C2EB623-A2B4-4632-885E-CE0FEF23F26E}.Debug|Any CPU.Build.0 = Debug|Any CPU
		{6C2EB623-A2B4-4632-885E-CE0FEF23F26E}.Release|Any CPU.ActiveCfg = Release|Any CPU
		{6C2EB623-A2B4-4632-885E-CE0FEF23F26E}.Release|Any CPU.Build.0 = Release|Any CPU
		{4800488A-0E96-4593-A586-2869C14BC84A}.Debug|Any CPU.ActiveCfg = Debug|Any CPU
		{4800488A-0E96-4593-A586-2869C14BC84A}.Debug|Any CPU.Build.0 = Debug|Any CPU
		{4800488A-0E96-4593-A586-2869C14BC84A}.Release|Any CPU.ActiveCfg = Release|Any CPU
		{4800488A-0E96-4593-A586-2869C14BC84A}.Release|Any CPU.Build.0 = Release|Any CPU
		{C398CFC3-066A-4123-8A1B-357009FF1CA9}.Debug|Any CPU.ActiveCfg = Debug|Any CPU
		{C398CFC3-066A-4123-8A1B-357009FF1CA9}.Debug|Any CPU.Build.0 = Debug|Any CPU
		{C398CFC3-066A-4123-8A1B-357009FF1CA9}.Release|Any CPU.ActiveCfg = Release|Any CPU
		{C398CFC3-066A-4123-8A1B-357009FF1CA9}.Release|Any CPU.Build.0 = Release|Any CPU
		{3B1CD11F-A212-46E5-B2DB-22E1AD9A9FBD}.Debug|Any CPU.ActiveCfg = Debug|Any CPU
		{3B1CD11F-A212-46E5-B2DB-22E1AD9A9FBD}.Debug|Any CPU.Build.0 = Debug|Any CPU
		{3B1CD11F-A212-46E5-B2DB-22E1AD9A9FBD}.Release|Any CPU.ActiveCfg = Release|Any CPU
		{3B1CD11F-A212-46E5-B2DB-22E1AD9A9FBD}.Release|Any CPU.Build.0 = Release|Any CPU
		{BFEF2027-4D09-4818-A926-86DFE8D211CF}.Debug|Any CPU.ActiveCfg = Debug|Any CPU
		{BFEF2027-4D09-4818-A926-86DFE8D211CF}.Debug|Any CPU.Build.0 = Debug|Any CPU
		{BFEF2027-4D09-4818-A926-86DFE8D211CF}.Release|Any CPU.ActiveCfg = Release|Any CPU
		{BFEF2027-4D09-4818-A926-86DFE8D211CF}.Release|Any CPU.Build.0 = Release|Any CPU
		{BE26D1AE-DEB7-43E8-A793-CB9E8FA0F3DA}.Debug|Any CPU.ActiveCfg = Debug|Any CPU
		{BE26D1AE-DEB7-43E8-A793-CB9E8FA0F3DA}.Debug|Any CPU.Build.0 = Debug|Any CPU
		{BE26D1AE-DEB7-43E8-A793-CB9E8FA0F3DA}.Release|Any CPU.ActiveCfg = Release|Any CPU
		{BE26D1AE-DEB7-43E8-A793-CB9E8FA0F3DA}.Release|Any CPU.Build.0 = Release|Any CPU
		{9A9849F3-3EB7-420C-A43B-47A26F1B7917}.Debug|Any CPU.ActiveCfg = Debug|Any CPU
		{9A9849F3-3EB7-420C-A43B-47A26F1B7917}.Debug|Any CPU.Build.0 = Debug|Any CPU
		{9A9849F3-3EB7-420C-A43B-47A26F1B7917}.Release|Any CPU.ActiveCfg = Release|Any CPU
		{9A9849F3-3EB7-420C-A43B-47A26F1B7917}.Release|Any CPU.Build.0 = Release|Any CPU
		{8C585B43-1341-4630-B9F5-9359DFBE3259}.Debug|Any CPU.ActiveCfg = Debug|Any CPU
		{8C585B43-1341-4630-B9F5-9359DFBE3259}.Debug|Any CPU.Build.0 = Debug|Any CPU
		{8C585B43-1341-4630-B9F5-9359DFBE3259}.Release|Any CPU.ActiveCfg = Release|Any CPU
		{8C585B43-1341-4630-B9F5-9359DFBE3259}.Release|Any CPU.Build.0 = Release|Any CPU
		{52B67341-DFAB-45DD-BB42-66088B3697C4}.Debug|Any CPU.ActiveCfg = Debug|Any CPU
		{52B67341-DFAB-45DD-BB42-66088B3697C4}.Debug|Any CPU.Build.0 = Debug|Any CPU
		{52B67341-DFAB-45DD-BB42-66088B3697C4}.Release|Any CPU.ActiveCfg = Release|Any CPU
		{52B67341-DFAB-45DD-BB42-66088B3697C4}.Release|Any CPU.Build.0 = Release|Any CPU
		{76CF1E56-29B3-41AC-8F3B-4CB31EF0016E}.Debug|Any CPU.ActiveCfg = Debug|Any CPU
		{76CF1E56-29B3-41AC-8F3B-4CB31EF0016E}.Debug|Any CPU.Build.0 = Debug|Any CPU
		{76CF1E56-29B3-41AC-8F3B-4CB31EF0016E}.Release|Any CPU.ActiveCfg = Release|Any CPU
		{76CF1E56-29B3-41AC-8F3B-4CB31EF0016E}.Release|Any CPU.Build.0 = Release|Any CPU
		{7DAFD61E-5B57-4ADB-9B14-0D80AA2CCFAB}.Debug|Any CPU.ActiveCfg = Debug|Any CPU
		{7DAFD61E-5B57-4ADB-9B14-0D80AA2CCFAB}.Debug|Any CPU.Build.0 = Debug|Any CPU
		{7DAFD61E-5B57-4ADB-9B14-0D80AA2CCFAB}.Release|Any CPU.ActiveCfg = Release|Any CPU
		{7DAFD61E-5B57-4ADB-9B14-0D80AA2CCFAB}.Release|Any CPU.Build.0 = Release|Any CPU
		{E99974CD-6D76-4C6B-8F0E-99E8EA6303DF}.Debug|Any CPU.ActiveCfg = Debug|Any CPU
		{E99974CD-6D76-4C6B-8F0E-99E8EA6303DF}.Debug|Any CPU.Build.0 = Debug|Any CPU
		{E99974CD-6D76-4C6B-8F0E-99E8EA6303DF}.Release|Any CPU.ActiveCfg = Release|Any CPU
		{E99974CD-6D76-4C6B-8F0E-99E8EA6303DF}.Release|Any CPU.Build.0 = Release|Any CPU
		{F56C6666-3ECC-4733-B3D8-790248D753A4}.Debug|Any CPU.ActiveCfg = Debug|Any CPU
		{F56C6666-3ECC-4733-B3D8-790248D753A4}.Debug|Any CPU.Build.0 = Debug|Any CPU
		{F56C6666-3ECC-4733-B3D8-790248D753A4}.Release|Any CPU.ActiveCfg = Release|Any CPU
		{F56C6666-3ECC-4733-B3D8-790248D753A4}.Release|Any CPU.Build.0 = Release|Any CPU
		{E0E0C0B0-020A-4413-A113-3160217B70E5}.Debug|Any CPU.ActiveCfg = Debug|Any CPU
		{E0E0C0B0-020A-4413-A113-3160217B70E5}.Debug|Any CPU.Build.0 = Debug|Any CPU
		{E0E0C0B0-020A-4413-A113-3160217B70E5}.Release|Any CPU.ActiveCfg = Release|Any CPU
		{E0E0C0B0-020A-4413-A113-3160217B70E5}.Release|Any CPU.Build.0 = Release|Any CPU
		{5985D41C-9443-4541-A57B-CA13010A7CE9}.Debug|Any CPU.ActiveCfg = Debug|Any CPU
		{5985D41C-9443-4541-A57B-CA13010A7CE9}.Debug|Any CPU.Build.0 = Debug|Any CPU
		{5985D41C-9443-4541-A57B-CA13010A7CE9}.Release|Any CPU.ActiveCfg = Release|Any CPU
		{5985D41C-9443-4541-A57B-CA13010A7CE9}.Release|Any CPU.Build.0 = Release|Any CPU
		{85E7F835-4DBD-4D22-80C0-EDEFF807B28C}.Debug|Any CPU.ActiveCfg = Debug|Any CPU
		{85E7F835-4DBD-4D22-80C0-EDEFF807B28C}.Debug|Any CPU.Build.0 = Debug|Any CPU
		{85E7F835-4DBD-4D22-80C0-EDEFF807B28C}.Release|Any CPU.ActiveCfg = Release|Any CPU
		{85E7F835-4DBD-4D22-80C0-EDEFF807B28C}.Release|Any CPU.Build.0 = Release|Any CPU
		{81E58EBB-040F-4129-93F1-FC4C31A0F5E2}.Debug|Any CPU.ActiveCfg = Debug|Any CPU
		{81E58EBB-040F-4129-93F1-FC4C31A0F5E2}.Debug|Any CPU.Build.0 = Debug|Any CPU
		{81E58EBB-040F-4129-93F1-FC4C31A0F5E2}.Release|Any CPU.ActiveCfg = Release|Any CPU
		{81E58EBB-040F-4129-93F1-FC4C31A0F5E2}.Release|Any CPU.Build.0 = Release|Any CPU
		{4CB9829A-C38B-436B-9CE6-858004B3C6F4}.Debug|Any CPU.ActiveCfg = Debug|Any CPU
		{4CB9829A-C38B-436B-9CE6-858004B3C6F4}.Debug|Any CPU.Build.0 = Debug|Any CPU
		{4CB9829A-C38B-436B-9CE6-858004B3C6F4}.Release|Any CPU.ActiveCfg = Release|Any CPU
		{4CB9829A-C38B-436B-9CE6-858004B3C6F4}.Release|Any CPU.Build.0 = Release|Any CPU
		{72E17695-4CED-4248-9805-D41A73FF6986}.Debug|Any CPU.ActiveCfg = Debug|Any CPU
		{72E17695-4CED-4248-9805-D41A73FF6986}.Debug|Any CPU.Build.0 = Debug|Any CPU
		{72E17695-4CED-4248-9805-D41A73FF6986}.Release|Any CPU.ActiveCfg = Release|Any CPU
		{72E17695-4CED-4248-9805-D41A73FF6986}.Release|Any CPU.Build.0 = Release|Any CPU
		{C7C999AD-32BB-47EC-9F38-16B4E445A865}.Debug|Any CPU.ActiveCfg = Debug|Any CPU
		{C7C999AD-32BB-47EC-9F38-16B4E445A865}.Debug|Any CPU.Build.0 = Debug|Any CPU
		{C7C999AD-32BB-47EC-9F38-16B4E445A865}.Release|Any CPU.ActiveCfg = Release|Any CPU
		{C7C999AD-32BB-47EC-9F38-16B4E445A865}.Release|Any CPU.Build.0 = Release|Any CPU
		{41F265F1-DA42-4920-A687-F89EE4DF796E}.Debug|Any CPU.ActiveCfg = Debug|Any CPU
		{41F265F1-DA42-4920-A687-F89EE4DF796E}.Debug|Any CPU.Build.0 = Debug|Any CPU
		{41F265F1-DA42-4920-A687-F89EE4DF796E}.Release|Any CPU.ActiveCfg = Release|Any CPU
		{41F265F1-DA42-4920-A687-F89EE4DF796E}.Release|Any CPU.Build.0 = Release|Any CPU
	EndGlobalSection
	GlobalSection(SolutionProperties) = preSolution
		HideSolutionNode = FALSE
	EndGlobalSection
	GlobalSection(ExtensibilityGlobals) = postSolution
		SolutionGuid = {1162E102-79A5-4E00-8701-FB20F481C44F}
	EndGlobalSection
EndGlobal
